<?xml version="1.0" encoding="utf-8"?>
<Project ToolsVersion="4.0" xmlns="http://schemas.microsoft.com/developer/msbuild/2003">
  <ItemGroup>
    <Filter Include="Source Files">
      <UniqueIdentifier>{4FC737F1-C7A5-4376-A066-2A32D752A2FF}</UniqueIdentifier>
      <Extensions>cpp;c;cc;cxx;def;odl;idl;hpj;bat;asm;asmx</Extensions>
    </Filter>
    <Filter Include="Header Files">
      <UniqueIdentifier>{93995380-89BD-4b04-88EB-625FBE52EBFB}</UniqueIdentifier>
      <Extensions>h;hpp;hxx;hm;inl;inc;xsd</Extensions>
    </Filter>
    <Filter Include="Android makefile">
      <UniqueIdentifier>{20f4fd75-94ae-454c-8ed5-553ee6c18cab}</UniqueIdentifier>
    </Filter>
  </ItemGroup>
  <ItemGroup>
    <ClCompile Include="..\socket.cpp">
      <Filter>Source Files</Filter>
    </ClCompile>
    <ClCompile Include="..\main.cpp">
      <Filter>Source Files</Filter>
    </ClCompile>
    <ClCompile Include="..\pattern_checker.cpp">
      <Filter>Source Files</Filter>
    </ClCompile>
    <ClCompile Include="..\logging_checker.cpp">
      <Filter>Source Files</Filter>
    </ClCompile>
    <ClCompile Include="..\getopt.cpp">
      <Filter>Source Files</Filter>
    </ClCompile>
    <ClCompile Include="..\iom_data.cpp">
      <Filter>Source Files</Filter>
    </ClCompile>
  </ItemGroup>
  <ItemGroup>
    <ClInclude Include="..\getopt.h">
      <Filter>Header Files</Filter>
    </ClInclude>
    <ClInclude Include="..\logging_checker.h">
      <Filter>Header Files</Filter>
    </ClInclude>
    <ClInclude Include="..\logs.h">
      <Filter>Header Files</Filter>
    </ClInclude>
    <ClInclude Include="..\pattern_checker.h">
      <Filter>Header Files</Filter>
    </ClInclude>
    <ClInclude Include="..\socket.h">
      <Filter>Header Files</Filter>
    </ClInclude>
    <ClInclude Include="..\iom_data.h">
      <Filter>Header Files</Filter>
    </ClInclude>
  </ItemGroup>
  <ItemGroup>
    <None Include="..\Android.mk">
      <Filter>Android makefile</Filter>
    </None>
  </ItemGroup>
</Project>