
Microsoft Visual Studio Solution File, Format Version 9.00
# Visual Studio 2005
Project("{8BC9CEB8-8B4A-11D0-8D11-00A0C91BC942}") = "nvflash", "nvflash.vcproj", "{5BF7E06E-60E3-4284-9F6D-AF04A0C8FA60}"
	ProjectSection(ProjectDependencies) = postProject
		{8250AE8E-0C3B-48AB-8CD7-CC7FC6BFA2C8} = {8250AE8E-0C3B-48AB-8CD7-CC7FC6BFA2C8}
		{B31059CE-84D5-4EF5-BBB5-7AEDFFB82392} = {B31059CE-84D5-4EF5-BBB5-7AEDFFB82392}
		{28E5D8DC-C807-424B-960A-F4D58FB6587A} = {28E5D8DC-C807-424B-960A-F4D58FB6587A}
		{543355FB-6490-4CCE-8B30-CADF53C9A5A5} = {543355FB-6490-4CCE-8B30-CADF53C9A5A5}
		{2E625C5B-4522-4494-8C13-EA9F26A8C462} = {2E625C5B-4522-4494-8C13-EA9F26A8C462}
		{14E2DC6D-A232-42D3-9A04-3E5F9964174D} = {14E2DC6D-A232-42D3-9A04-3E5F9964174D}
		{35DA6F91-5D2E-4A37-B480-8B1BDD92AC15} = {35DA6F91-5D2E-4A37-B480-8B1BDD92AC15}
		{543355FB-6490-4CCE-8B30-CADF53C9A5A6} = {543355FB-6490-4CCE-8B30-CADF53C9A5A6}
		{543355FB-6490-4CCE-8B30-CADF53C9A5A7} = {543355FB-6490-4CCE-8B30-CADF53C9A5A7}
		{543355FB-6490-4CCE-8B30-CADF53C9A5A8} = {543355FB-6490-4CCE-8B30-CADF53C9A5A8}
	EndProjectSection
EndProject
Project("{8BC9CEB8-8B4A-11D0-8D11-00A0C91BC942}") = "libnvflash", "..\lib\libnvflash.vcproj", "{35DA6F91-5D2E-4A37-B480-8B1BDD92AC15}"
	ProjectSection(ProjectDependencies) = postProject
		{B31059CE-84D5-4EF5-BBB5-7AEDFFB82392} = {B31059CE-84D5-4EF5-BBB5-7AEDFFB82392}
		{543355FB-6490-4CCE-8B30-CADF53C9A5A6} = {543355FB-6490-4CCE-8B30-CADF53C9A5A6}
	EndProjectSection
EndProject
Project("{8BC9CEB8-8B4A-11D0-8D11-00A0C91BC942}") = "libnvboothost", "..\..\..\drivers\nvboot\lib\host\libnvboothost.vcproj", "{2E625C5B-4522-4494-8C13-EA9F26A8C462}"
	ProjectSection(ProjectDependencies) = postProject
		{B31059CE-84D5-4EF5-BBB5-7AEDFFB82392} = {B31059CE-84D5-4EF5-BBB5-7AEDFFB82392}
		{543355FB-6490-4CCE-8B30-CADF53C9A5A5} = {543355FB-6490-4CCE-8B30-CADF53C9A5A5}
		{543355FB-6490-4CCE-8B30-CADF53C9A5A6} = {543355FB-6490-4CCE-8B30-CADF53C9A5A6}
	EndProjectSection
EndProject
Project("{8BC9CEB8-8B4A-11D0-8D11-00A0C91BC942}") = "libnvusbhost", "..\..\..\utils\nvusbhost\libnvusbhost\libnvusbhost.vcproj", "{28E5D8DC-C807-424B-960A-F4D58FB6587A}"
	ProjectSection(ProjectDependencies) = postProject
		{B31059CE-84D5-4EF5-BBB5-7AEDFFB82392} = {B31059CE-84D5-4EF5-BBB5-7AEDFFB82392}
	EndProjectSection
EndProject
Project("{8BC9CEB8-8B4A-11D0-8D11-00A0C91BC942}") = "libnvos", "..\..\..\utils\nvos\libnvos.vcproj", "{B31059CE-84D5-4EF5-BBB5-7AEDFFB82392}"
EndProject
Project("{8BC9CEB8-8B4A-11D0-8D11-00A0C91BC942}") = "libnv3p", "..\..\nv3p\libnv3p.vcproj", "{14E2DC6D-A232-42D3-9A04-3E5F9964174D}"
	ProjectSection(ProjectDependencies) = postProject
		{B31059CE-84D5-4EF5-BBB5-7AEDFFB82392} = {B31059CE-84D5-4EF5-BBB5-7AEDFFB82392}
		{28E5D8DC-C807-424B-960A-F4D58FB6587A} = {28E5D8DC-C807-424B-960A-F4D58FB6587A}
	EndProjectSection
EndProject
Project("{8BC9CEB8-8B4A-11D0-8D11-00A0C91BC942}") = "libnvaes_ref", "..\..\..\utils\aes_ref\libnvaes_ref.vcproj", "{543355FB-6490-4CCE-8B30-CADF53C9A5A5}"
	ProjectSection(ProjectDependencies) = postProject
		{B31059CE-84D5-4EF5-BBB5-7AEDFFB82392} = {B31059CE-84D5-4EF5-BBB5-7AEDFFB82392}
	EndProjectSection
EndProject
Project("{8BC9CEB8-8B4A-11D0-8D11-00A0C91BC942}") = "libnvbuildbct", "..\..\nvbuildbct\libnvbuildbct.vcproj", "{8250AE8E-0C3B-48AB-8CD7-CC7FC6BFA2C8}"
EndProject
Project("{8BC9CEB8-8B4A-11D0-8D11-00A0C91BC942}") = "libnvapputil", "..\..\..\utils\nvapputil\libnvapputil.vcproj", "{543355FB-6490-4CCE-8B30-CADF53C9A5A6}"
	ProjectSection(ProjectDependencies) = postProject
		{B31059CE-84D5-4EF5-BBB5-7AEDFFB82392} = {B31059CE-84D5-4EF5-BBB5-7AEDFFB82392}
	EndProjectSection
EndProject
Project("{8BC9CEB8-8B4A-11D0-8D11-00A0C91BC942}") = "libnvdioconverter", "..\..\nvdioconverter\libnvdioconverter.vcproj", "{543355FB-6490-4CCE-8B30-CADF53C9A5A7}"
	ProjectSection(ProjectDependencies) = postProject
		{B31059CE-84D5-4EF5-BBB5-7AEDFFB82392} = {B31059CE-84D5-4EF5-BBB5-7AEDFFB82392}
		{543355FB-6490-4CCE-8B30-CADF53C9A5A6} = {543355FB-6490-4CCE-8B30-CADF53C9A5A6}
	EndProjectSection
EndProject
Project("{8BC9CEB8-8B4A-11D0-8D11-00A0C91BC942}") = "libnvbcthost", "..\..\nvbct\libnvbcthost.vcproj", "{543355FB-6490-4CCE-8B30-CADF53C9A5A8}"
EndProject
Global
	GlobalSection(SolutionConfigurationPlatforms) = preSolution
		Debug|Win32 = Debug|Win32
		Release|Win32 = Release|Win32
	EndGlobalSection
	GlobalSection(ProjectConfigurationPlatforms) = postSolution
		{5BF7E06E-60E3-4284-9F6D-AF04A0C8FA60}.Debug|Win32.ActiveCfg = Debug|Win32
		{5BF7E06E-60E3-4284-9F6D-AF04A0C8FA60}.Debug|Win32.Build.0 = Debug|Win32
		{5BF7E06E-60E3-4284-9F6D-AF04A0C8FA60}.Release|Win32.ActiveCfg = Release|Win32
		{5BF7E06E-60E3-4284-9F6D-AF04A0C8FA60}.Release|Win32.Build.0 = Release|Win32
		{35DA6F91-5D2E-4A37-B480-8B1BDD92AC15}.Debug|Win32.ActiveCfg = Debug|Win32
		{35DA6F91-5D2E-4A37-B480-8B1BDD92AC15}.Debug|Win32.Build.0 = Debug|Win32
		{35DA6F91-5D2E-4A37-B480-8B1BDD92AC15}.Release|Win32.ActiveCfg = Release|Win32
		{35DA6F91-5D2E-4A37-B480-8B1BDD92AC15}.Release|Win32.Build.0 = Release|Win32
		{2E625C5B-4522-4494-8C13-EA9F26A8C462}.Debug|Win32.ActiveCfg = Debug|Win32
		{2E625C5B-4522-4494-8C13-EA9F26A8C462}.Debug|Win32.Build.0 = Debug|Win32
		{2E625C5B-4522-4494-8C13-EA9F26A8C462}.Release|Win32.ActiveCfg = Release|Win32
		{2E625C5B-4522-4494-8C13-EA9F26A8C462}.Release|Win32.Build.0 = Release|Win32
		{28E5D8DC-C807-424B-960A-F4D58FB6587A}.Debug|Win32.ActiveCfg = Debug|Win32
		{28E5D8DC-C807-424B-960A-F4D58FB6587A}.Debug|Win32.Build.0 = Debug|Win32
		{28E5D8DC-C807-424B-960A-F4D58FB6587A}.Release|Win32.ActiveCfg = Release|Win32
		{28E5D8DC-C807-424B-960A-F4D58FB6587A}.Release|Win32.Build.0 = Release|Win32
		{B31059CE-84D5-4EF5-BBB5-7AEDFFB82392}.Debug|Win32.ActiveCfg = Debug|Win32
		{B31059CE-84D5-4EF5-BBB5-7AEDFFB82392}.Debug|Win32.Build.0 = Debug|Win32
		{B31059CE-84D5-4EF5-BBB5-7AEDFFB82392}.Release|Win32.ActiveCfg = Release|Win32
		{B31059CE-84D5-4EF5-BBB5-7AEDFFB82392}.Release|Win32.Build.0 = Release|Win32
		{14E2DC6D-A232-42D3-9A04-3E5F9964174D}.Debug|Win32.ActiveCfg = Debug|Win32
		{14E2DC6D-A232-42D3-9A04-3E5F9964174D}.Debug|Win32.Build.0 = Debug|Win32
		{14E2DC6D-A232-42D3-9A04-3E5F9964174D}.Release|Win32.ActiveCfg = Release|Win32
		{14E2DC6D-A232-42D3-9A04-3E5F9964174D}.Release|Win32.Build.0 = Release|Win32
		{543355FB-6490-4CCE-8B30-CADF53C9A5A5}.Debug|Win32.ActiveCfg = Debug|Win32
		{543355FB-6490-4CCE-8B30-CADF53C9A5A5}.Debug|Win32.Build.0 = Debug|Win32
		{543355FB-6490-4CCE-8B30-CADF53C9A5A5}.Release|Win32.ActiveCfg = Release|Win32
		{543355FB-6490-4CCE-8B30-CADF53C9A5A5}.Release|Win32.Build.0 = Release|Win32
		{8250AE8E-0C3B-48AB-8CD7-CC7FC6BFA2C8}.Debug|Win32.ActiveCfg = Debug|Win32
		{8250AE8E-0C3B-48AB-8CD7-CC7FC6BFA2C8}.Debug|Win32.Build.0 = Debug|Win32
		{8250AE8E-0C3B-48AB-8CD7-CC7FC6BFA2C8}.Release|Win32.ActiveCfg = Release|Win32
		{8250AE8E-0C3B-48AB-8CD7-CC7FC6BFA2C8}.Release|Win32.Build.0 = Release|Win32
		{543355FB-6490-4CCE-8B30-CADF53C9A5A6}.Debug|Win32.ActiveCfg = Debug|Win32
		{543355FB-6490-4CCE-8B30-CADF53C9A5A6}.Debug|Win32.Build.0 = Debug|Win32
		{543355FB-6490-4CCE-8B30-CADF53C9A5A6}.Release|Win32.ActiveCfg = Release|Win32
		{543355FB-6490-4CCE-8B30-CADF53C9A5A6}.Release|Win32.Build.0 = Release|Win32
		{543355FB-6490-4CCE-8B30-CADF53C9A5A7}.Debug|Win32.ActiveCfg = Debug|Win32
		{543355FB-6490-4CCE-8B30-CADF53C9A5A7}.Debug|Win32.Build.0 = Debug|Win32
		{543355FB-6490-4CCE-8B30-CADF53C9A5A7}.Release|Win32.ActiveCfg = Release|Win32
		{543355FB-6490-4CCE-8B30-CADF53C9A5A7}.Release|Win32.Build.0 = Release|Win32
		{543355FB-6490-4CCE-8B30-CADF53C9A5A8}.Debug|Win32.ActiveCfg = Debug|Win32
		{543355FB-6490-4CCE-8B30-CADF53C9A5A8}.Debug|Win32.Build.0 = Debug|Win32
		{543355FB-6490-4CCE-8B30-CADF53C9A5A8}.Release|Win32.ActiveCfg = Release|Win32
		{543355FB-6490-4CCE-8B30-CADF53C9A5A8}.Release|Win32.Build.0 = Release|Win32
	EndGlobalSection
	GlobalSection(SolutionProperties) = preSolution
		HideSolutionNode = FALSE
	EndGlobalSection
EndGlobal
